// !$*UTF8*$!
{
	archiveVersion = 1;
	classes = {
	};
	objectVersion = 50;
	objects = {

/* Begin PBXBuildFile section */
		113001C82769C81800CD55B2 /* AppDelegate.swift in Sources */ = {isa = PBXBuildFile; fileRef = 113001C72769C81800CD55B2 /* AppDelegate.swift */; };
		113001CA2769C81800CD55B2 /* SceneDelegate.swift in Sources */ = {isa = PBXBuildFile; fileRef = 113001C92769C81800CD55B2 /* SceneDelegate.swift */; };
		113001CC2769C81800CD55B2 /* ViewController.swift in Sources */ = {isa = PBXBuildFile; fileRef = 113001CB2769C81800CD55B2 /* ViewController.swift */; };
		113001CF2769C81800CD55B2 /* Main.storyboard in Resources */ = {isa = PBXBuildFile; fileRef = 113001CD2769C81800CD55B2 /* Main.storyboard */; };
		113001D22769C81800CD55B2 /* TodoList_App.xcdatamodeld in Sources */ = {isa = PBXBuildFile; fileRef = 113001D02769C81800CD55B2 /* TodoList_App.xcdatamodeld */; };
		113001D42769C82100CD55B2 /* Assets.xcassets in Resources */ = {isa = PBXBuildFile; fileRef = 113001D32769C82100CD55B2 /* Assets.xcassets */; };
		113001D72769C82100CD55B2 /* LaunchScreen.storyboard in Resources */ = {isa = PBXBuildFile; fileRef = 113001D52769C82100CD55B2 /* LaunchScreen.storyboard */; };
/* End PBXBuildFile section */

/* Begin PBXFileReference section */
		113001C42769C81800CD55B2 /* TodoList App.app */ = {isa = PBXFileReference; explicitFileType = wrapper.application; includeInIndex = 0; path = "TodoList App.app"; sourceTree = BUILT_PRODUCTS_DIR; };
		113001C72769C81800CD55B2 /* AppDelegate.swift */ = {isa = PBXFileReference; lastKnownFileType = sourcecode.swift; path = AppDelegate.swift; sourceTree = "<group>"; };
		113001C92769C81800CD55B2 /* SceneDelegate.swift */ = {isa = PBXFileReference; lastKnownFileType = sourcecode.swift; path = SceneDelegate.swift; sourceTree = "<group>"; };
		113001CB2769C81800CD55B2 /* ViewController.swift */ = {isa = PBXFileReference; lastKnownFileType = sourcecode.swift; path = ViewController.swift; sourceTree = "<group>"; };
		113001CE2769C81800CD55B2 /* Base */ = {isa = PBXFileReference; lastKnownFileType = file.storyboard; name = Base; path = Base.lproj/Main.storyboard; sourceTree = "<group>"; };
		113001D12769C81800CD55B2 /* TodoList_App.xcdatamodel */ = {isa = PBXFileReference; lastKnownFileType = wrapper.xcdatamodel; path = TodoList_App.xcdatamodel; sourceTree = "<group>"; };
		113001D32769C82100CD55B2 /* Assets.xcassets */ = {isa = PBXFileReference; lastKnownFileType = folder.assetcatalog; path = Assets.xcassets; sourceTree = "<group>"; };
		113001D62769C82100CD55B2 /* Base */ = {isa = PBXFileReference; lastKnownFileType = file.storyboard; name = Base; path = Base.lproj/LaunchScreen.storyboard; sourceTree = "<group>"; };
		113001D82769C82100CD55B2 /* Info.plist */ = {isa = PBXFileReference; lastKnownFileType = text.plist.xml; path = Info.plist; sourceTree = "<group>"; };
/* End PBXFileReference section */

/* Begin PBXFrameworksBuildPhase section */
		113001C12769C81800CD55B2 /* Frameworks */ = {
			isa = PBXFrameworksBuildPhase;
			buildActionMask = 2147483647;
			files = (
			);
			runOnlyForDeploymentPostprocessing = 0;
		};
/* End PBXFrameworksBuildPhase section */

/* Begin PBXGroup section */
		113001BB2769C81700CD55B2 = {
			isa = PBXGroup;
			children = (
				113001C62769C81800CD55B2 /* TodoList App */,
				113001C52769C81800CD55B2 /* Products */,
			);
			sourceTree = "<group>";
		};
		113001C52769C81800CD55B2 /* Products */ = {
			isa = PBXGroup;
			children = (
				113001C42769C81800CD55B2 /* TodoList App.app */,
			);
			name = Products;
			sourceTree = "<group>";
		};
		113001C62769C81800CD55B2 /* TodoList App */ = {
			isa = PBXGroup;
			children = (
				113001C72769C81800CD55B2 /* AppDelegate.swift */,
				113001C92769C81800CD55B2 /* SceneDelegate.swift */,
				113001CB2769C81800CD55B2 /* ViewController.swift */,
				113001CD2769C81800CD55B2 /* Main.storyboard */,
				113001D32769C82100CD55B2 /* Assets.xcassets */,
				113001D52769C82100CD55B2 /* LaunchScreen.storyboard */,
				113001D82769C82100CD55B2 /* Info.plist */,
				113001D02769C81800CD55B2 /* TodoList_App.xcdatamodeld */,
			);
			path = "TodoList App";
			sourceTree = "<group>";
		};
/* End PBXGroup section */

/* Begin PBXNativeTarget section */
		113001C32769C81800CD55B2 /* TodoList App */ = {
			isa = PBXNativeTarget;
			buildConfigurationList = 113001DB2769C82100CD55B2 /* Build configuration list for PBXNativeTarget "TodoList App" */;
			buildPhases = (
				113001C02769C81800CD55B2 /* Sources */,
				113001C12769C81800CD55B2 /* Frameworks */,
				113001C22769C81800CD55B2 /* Resources */,
			);
			buildRules = (
			);
			dependencies = (
			);
			name = "TodoList App";
			productName = "TodoList App";
			productReference = 113001C42769C81800CD55B2 /* TodoList App.app */;
			productType = "com.apple.product-type.application";
		};
/* End PBXNativeTarget section */

/* Begin PBXProject section */
		113001BC2769C81700CD55B2 /* Project object */ = {
			isa = PBXProject;
			attributes = {
				LastSwiftUpdateCheck = 1120;
				LastUpgradeCheck = 1120;
				ORGANIZATIONNAME = R;
				TargetAttributes = {
					113001C32769C81800CD55B2 = {
						CreatedOnToolsVersion = 11.2.1;
					};
				};
			};
			buildConfigurationList = 113001BF2769C81700CD55B2 /* Build configuration list for PBXProject "TodoList App" */;
			compatibilityVersion = "Xcode 9.3";
			developmentRegion = en;
			hasScannedForEncodings = 0;
			knownRegions = (
				en,
				Base,
			);
			mainGroup = 113001BB2769C81700CD55B2;
			productRefGroup = 113001C52769C81800CD55B2 /* Products */;
			projectDirPath = "";
			projectRoot = "";
			targets = (
				113001C32769C81800CD55B2 /* TodoList App */,
			);
		};
/* End PBXProject section */

/* Begin PBXResourcesBuildPhase section */
		113001C22769C81800CD55B2 /* Resources */ = {
			isa = PBXResourcesBuildPhase;
			buildActionMask = 2147483647;
			files = (
				113001D72769C82100CD55B2 /* LaunchScreen.storyboard in Resources */,
				113001D42769C82100CD55B2 /* Assets.xcassets in Resources */,
				113001CF2769C81800CD55B2 /* Main.storyboard in Resources */,
			);
			runOnlyForDeploymentPostprocessing = 0;
		};
/* End PBXResourcesBuildPhase section */

/* Begin PBXSourcesBuildPhase section */
		113001C02769C81800CD55B2 /* Sources */ = {
			isa = PBXSourcesBuildPhase;
			buildActionMask = 2147483647;
			files = (
				113001CC2769C81800CD55B2 /* ViewController.swift in Sources */,
				113001C82769C81800CD55B2 /* AppDelegate.swift in Sources */,
				113001CA2769C81800CD55B2 /* SceneDelegate.swift in Sources */,
				113001D22769C81800CD55B2 /* TodoList_App.xcdatamodeld in Sources */,
			);
			runOnlyForDeploymentPostprocessing = 0;
		};
/* End PBXSourcesBuildPhase section */

/* Begin PBXVariantGroup section */
		113001CD2769C81800CD55B2 /* Main.storyboard */ = {
			isa = PBXVariantGroup;
			children = (
				113001CE2769C81800CD55B2 /* Base */,
			);
			name = Main.storyboard;
			sourceTree = "<group>";
		};
		113001D52769C82100CD55B2 /* LaunchScreen.storyboard */ = {
			isa = PBXVariantGroup;
			children = (
				113001D62769C82100CD55B2 /* Base */,
			);
			name = LaunchScreen.storyboard;
			sourceTree = "<group>";
		};
/* End PBXVariantGroup section */

/* Begin XCBuildConfiguration section */
		113001D92769C82100CD55B2 /* Debug */ = {
			isa = XCBuildConfiguration;
			buildSettings = {
				ALWAYS_SEARCH_USER_PATHS = NO;
				CLANG_ANALYZER_NONNULL = YES;
				CLANG_ANALYZER_NUMBER_OBJECT_CONVERSION = YES_AGGRESSIVE;
				CLANG_CXX_LANGUAGE_STANDARD = "gnu++14";
				CLANG_CXX_LIBRARY = "libc++";
				CLANG_ENABLE_MODULES = YES;
				CLANG_ENABLE_OBJC_ARC = YES;
				CLANG_ENABLE_OBJC_WEAK = YES;
				CLANG_WARN_BLOCK_CAPTURE_AUTORELEASING = YES;
				CLANG_WARN_BOOL_CONVERSION = YES;
				CLANG_WARN_COMMA = YES;
				CLANG_WARN_CONSTANT_CONVERSION = YES;
				CLANG_WARN_DEPRECATED_OBJC_IMPLEMENTATIONS = YES;
				CLANG_WARN_DIRECT_OBJC_ISA_USAGE = YES_ERROR;
				CLANG_WARN_DOCUMENTATION_COMMENTS = YES;
				CLANG_WARN_EMPTY_BODY = YES;
				CLANG_WARN_ENUM_CONVERSION = YES;
				CLANG_WARN_INFINITE_RECURSION = YES;
				CLANG_WARN_INT_CONVERSION = YES;
				CLANG_WARN_NON_LITERAL_NULL_CONVERSION = YES;
				CLANG_WARN_OBJC_IMPLICIT_RETAIN_SELF = YES;
				CLANG_WARN_OBJC_LITERAL_CONVERSION = YES;
				CLANG_WARN_OBJC_ROOT_CLASS = YES_ERROR;
				CLANG_WARN_RANGE_LOOP_ANALYSIS = YES;
				CLANG_WARN_STRICT_PROTOTYPES = YES;
				CLANG_WARN_SUSPICIOUS_MOVE = YES;
				CLANG_WARN_UNGUARDED_AVAILABILITY = YES_AGGRESSIVE;
				CLANG_WARN_UNREACHABLE_CODE = YES;
				CLANG_WARN__DUPLICATE_METHOD_MATCH = YES;
				COPY_PHASE_STRIP = NO;
				DEBUG_INFORMATION_FORMAT = dwarf;
				ENABLE_STRICT_OBJC_MSGSEND = YES;
				ENABLE_TESTABILITY = YES;
				GCC_C_LANGUAGE_STANDARD = gnu11;
				GCC_DYNAMIC_NO_PIC = NO;
				GCC_NO_COMMON_BLOCKS = YES;
				GCC_OPTIMIZATION_LEVEL = 0;
				GCC_PREPROCESSOR_DEFINITIONS = (
					"DEBUG=1",
					"$(inherited)",
				);
				GCC_WARN_64_TO_32_BIT_CONVERSION = YES;
				GCC_WARN_ABOUT_RETURN_TYPE = YES_ERROR;
				GCC_WARN_UNDECLARED_SELECTOR = YES;
				GCC_WARN_UNINITIALIZED_AUTOS = YES_AGGRESSIVE;
				GCC_WARN_UNUSED_FUNCTION = YES;
				GCC_WARN_UNUSED_VARIABLE = YES;
				IPHONEOS_DEPLOYMENT_TARGET = 13.2;
				MTL_ENABLE_DEBUG_INFO = INCLUDE_SOURCE;
				MTL_FAST_MATH = YES;
				ONLY_ACTIVE_ARCH = YES;
				SDKROOT = iphoneos;
				SWIFT_ACTIVE_COMPILATION_CONDITIONS = DEBUG;
				SWIFT_OPTIMIZATION_LEVEL = "-Onone";
			};
			name = Debug;
		};
		113001DA2769C82100CD55B2 /* Release */ = {
			isa = XCBuildConfiguration;
			buildSettings = {
				ALWAYS_SEARCH_USER_PATHS = NO;
				CLANG_ANALYZER_NONNULL = YES;
				CLANG_ANALYZER_NUMBER_OBJECT_CONVERSION = YES_AGGRESSIVE;
				CLANG_CXX_LANGUAGE_STANDARD = "gnu++14";
				CLANG_CXX_LIBRARY = "libc++";
				CLANG_ENABLE_MODULES = YES;
				CLANG_ENABLE_OBJC_ARC = YES;
				CLANG_ENABLE_OBJC_WEAK = YES;
				CLANG_WARN_BLOCK_CAPTURE_AUTORELEASING = YES;
				CLANG_WARN_BOOL_CONVERSION = YES;
				CLANG_WARN_COMMA = YES;
				CLANG_WARN_CONSTANT_CONVERSION = YES;
				CLANG_WARN_DEPRECATED_OBJC_IMPLEMENTATIONS = YES;
				CLANG_WARN_DIRECT_OBJC_ISA_USAGE = YES_ERROR;
				CLANG_WARN_DOCUMENTATION_COMMENTS = YES;
				CLANG_WARN_EMPTY_BODY = YES;
				CLANG_WARN_ENUM_CONVERSION = YES;
				CLANG_WARN_INFINITE_RECURSION = YES;
				CLANG_WARN_INT_CONVERSION = YES;
				CLANG_WARN_NON_LITERAL_NULL_CONVERSION = YES;
				CLANG_WARN_OBJC_IMPLICIT_RETAIN_SELF = YES;
				CLANG_WARN_OBJC_LITERAL_CONVERSION = YES;
				CLANG_WARN_OBJC_ROOT_CLASS = YES_ERROR;
				CLANG_WARN_RANGE_LOOP_ANALYSIS = YES;
				CLANG_WARN_STRICT_PROTOTYPES = YES;
				CLANG_WARN_SUSPICIOUS_MOVE = YES;
				CLANG_WARN_UNGUARDED_AVAILABILITY = YES_AGGRESSIVE;
				CLANG_WARN_UNREACHABLE_CODE = YES;
				CLANG_WARN__DUPLICATE_METHOD_MATCH = YES;
				COPY_PHASE_STRIP = NO;
				DEBUG_INFORMATION_FORMAT = "dwarf-with-dsym";
				ENABLE_NS_ASSERTIONS = NO;
				ENABLE_STRICT_OBJC_MSGSEND = YES;
				GCC_C_LANGUAGE_STANDARD = gnu11;
				GCC_NO_COMMON_BLOCKS = YES;
				GCC_WARN_64_TO_32_BIT_CONVERSION = YES;
				GCC_WARN_ABOUT_RETURN_TYPE = YES_ERROR;
				GCC_WARN_UNDECLARED_SELECTOR = YES;
				GCC_WARN_UNINITIALIZED_AUTOS = YES_AGGRESSIVE;
				GCC_WARN_UNUSED_FUNCTION = YES;
				GCC_WARN_UNUSED_VARIABLE = YES;
				IPHONEOS_DEPLOYMENT_TARGET = 13.2;
				MTL_ENABLE_DEBUG_INFO = NO;
				MTL_FAST_MATH = YES;
				SDKROOT = iphoneos;
				SWIFT_COMPILATION_MODE = wholemodule;
				SWIFT_OPTIMIZATION_LEVEL = "-O";
				VALIDATE_PRODUCT = YES;
			};
			name = Release;
		};
		113001DC2769C82100CD55B2 /* Debug */ = {
			isa = XCBuildConfiguration;
			buildSettings = {
				ASSETCATALOG_COMPILER_APPICON_NAME = AppIcon;
				CODE_SIGN_STYLE = Automatic;
				INFOPLIST_FILE = "TodoList App/Info.plist";
				LD_RUNPATH_SEARCH_PATHS = (
					"$(inherited)",
					"@executable_path/Frameworks",
				);
				PRODUCT_BUNDLE_IDENTIFIER = "r.TodoList-App";
				PRODUCT_NAME = "$(TARGET_NAME)";
				SWIFT_VERSION = 5.0;
				TARGETED_DEVICE_FAMILY = "1,2";
			};
			name = Debug;
		};
		113001DD2769C82100CD55B2 /* Release */ = {
			isa = XCBuildConfiguration;
			buildSettings = {
				ASSETCATALOG_COMPILER_APPICON_NAME = AppIcon;
				CODE_SIGN_STYLE = Automatic;
				INFOPLIST_FILE = "TodoList App/Info.plist";
				LD_RUNPATH_SEARCH_PATHS = (
					"$(inherited)",
					"@executable_path/Frameworks",
				);
				PRODUCT_BUNDLE_IDENTIFIER = "r.TodoList-App";
				PRODUCT_NAME = "$(TARGET_NAME)";
				SWIFT_VERSION = 5.0;
				TARGETED_DEVICE_FAMILY = "1,2";
			};
			name = Release;
		};
/* End XCBuildConfiguration section */

/* Begin XCConfigurationList section */
		113001BF2769C81700CD55B2 /* Build configuration list for PBXProject "TodoList App" */ = {
			isa = XCConfigurationList;
			buildConfigurations = (
				113001D92769C82100CD55B2 /* Debug */,
				113001DA2769C82100CD55B2 /* Release */,
			);
			defaultConfigurationIsVisible = 0;
			defaultConfigurationName = Release;
		};
		113001DB2769C82100CD55B2 /* Build configuration list for PBXNativeTarget "TodoList App" */ = {
			isa = XCConfigurationList;
			buildConfigurations = (
				113001DC2769C82100CD55B2 /* Debug */,
				113001DD2769C82100CD55B2 /* Release */,
			);
			defaultConfigurationIsVisible = 0;
			defaultConfigurationName = Release;
		};
/* End XCConfigurationList section */

/* Begin XCVersionGroup section */
		113001D02769C81800CD55B2 /* TodoList_App.xcdatamodeld */ = {
			isa = XCVersionGroup;
			children = (
				113001D12769C81800CD55B2 /* TodoList_App.xcdatamodel */,
			);
			currentVersion = 113001D12769C81800CD55B2 /* TodoList_App.xcdatamodel */;
			path = TodoList_App.xcdatamodeld;
			sourceTree = "<group>";
			versionGroupType = wrapper.xcdatamodel;
		};
/* End XCVersionGroup section */
	};
	rootObject = 113001BC2769C81700CD55B2 /* Project object */;
}
